
Microsoft Visual Studio Solution File, Format Version 12.00
# Visual Studio Version 16
VisualStudioVersion = 16.0.29411.108
MinimumVisualStudioVersion = 10.0.40219.1
Project("{9A19103F-16F7-4668-BE54-9A1E7A4F7556}") = "MultipliesOfThreeAndFive_1", "Eular Problem 1 - B\MultipliesOfThreeAndFive_1.csproj", "{E7A553B1-416B-460E-AF7F-BF3D4A68071A}"
EndProject
Project("{9A19103F-16F7-4668-BE54-9A1E7A4F7556}") = "EvenFibonacciNumbers_2", "Eular Problem 2\EvenFibonacciNumbers_2.csproj", "{5211811B-CDB0-4E89-ADD2-6AF485A0BD72}"
EndProject
Project("{9A19103F-16F7-4668-BE54-9A1E7A4F7556}") = "LargestPrimeFactor_3", "LargestPrimeFactor\LargestPrimeFactor_3.csproj", "{1A7CA567-8C79-46DB-92F0-A76AC4A6C86D}"
EndProject
Project("{9A19103F-16F7-4668-BE54-9A1E7A4F7556}") = "CoinSums_31", "CoinSums_31\CoinSums_31.csproj", "{1D407074-23F4-4826-9C3F-59CA9317E983}"
EndProject
Project("{9A19103F-16F7-4668-BE54-9A1E7A4F7556}") = "LargestPalindrome_4", "LargestPalindrome_4\LargestPalindrome_4.csproj", "{003EF8D8-5E7D-41D9-85C4-AB9D4A6F72B5}"
EndProject
Project("{9A19103F-16F7-4668-BE54-9A1E7A4F7556}") = "SmallestMultiple_5", "SmallestMultiple_5\SmallestMultiple_5.csproj", "{533F177F-B7A8-4349-9F63-50466B976CE2}"
EndProject
Project("{FAE04EC0-301F-11D3-BF4B-00C04F79EFBC}") = "LargeSum_13", "LargeSum_13\LargeSum_13.csproj", "{07B0320D-2E14-43EC-91B6-B018705C16BB}"
EndProject
Global
	GlobalSection(SolutionConfigurationPlatforms) = preSolution
		Debug|Any CPU = Debug|Any CPU
		Release|Any CPU = Release|Any CPU
	EndGlobalSection
	GlobalSection(ProjectConfigurationPlatforms) = postSolution
		{E7A553B1-416B-460E-AF7F-BF3D4A68071A}.Debug|Any CPU.ActiveCfg = Debug|Any CPU
		{E7A553B1-416B-460E-AF7F-BF3D4A68071A}.Debug|Any CPU.Build.0 = Debug|Any CPU
		{E7A553B1-416B-460E-AF7F-BF3D4A68071A}.Release|Any CPU.ActiveCfg = Release|Any CPU
		{E7A553B1-416B-460E-AF7F-BF3D4A68071A}.Release|Any CPU.Build.0 = Release|Any CPU
		{5211811B-CDB0-4E89-ADD2-6AF485A0BD72}.Debug|Any CPU.ActiveCfg = Debug|Any CPU
		{5211811B-CDB0-4E89-ADD2-6AF485A0BD72}.Debug|Any CPU.Build.0 = Debug|Any CPU
		{5211811B-CDB0-4E89-ADD2-6AF485A0BD72}.Release|Any CPU.ActiveCfg = Release|Any CPU
		{5211811B-CDB0-4E89-ADD2-6AF485A0BD72}.Release|Any CPU.Build.0 = Release|Any CPU
		{1A7CA567-8C79-46DB-92F0-A76AC4A6C86D}.Debug|Any CPU.ActiveCfg = Debug|Any CPU
		{1A7CA567-8C79-46DB-92F0-A76AC4A6C86D}.Debug|Any CPU.Build.0 = Debug|Any CPU
		{1A7CA567-8C79-46DB-92F0-A76AC4A6C86D}.Release|Any CPU.ActiveCfg = Release|Any CPU
		{1A7CA567-8C79-46DB-92F0-A76AC4A6C86D}.Release|Any CPU.Build.0 = Release|Any CPU
		{1D407074-23F4-4826-9C3F-59CA9317E983}.Debug|Any CPU.ActiveCfg = Debug|Any CPU
		{1D407074-23F4-4826-9C3F-59CA9317E983}.Debug|Any CPU.Build.0 = Debug|Any CPU
		{1D407074-23F4-4826-9C3F-59CA9317E983}.Release|Any CPU.ActiveCfg = Release|Any CPU
		{1D407074-23F4-4826-9C3F-59CA9317E983}.Release|Any CPU.Build.0 = Release|Any CPU
		{003EF8D8-5E7D-41D9-85C4-AB9D4A6F72B5}.Debug|Any CPU.ActiveCfg = Debug|Any CPU
		{003EF8D8-5E7D-41D9-85C4-AB9D4A6F72B5}.Debug|Any CPU.Build.0 = Debug|Any CPU
		{003EF8D8-5E7D-41D9-85C4-AB9D4A6F72B5}.Release|Any CPU.ActiveCfg = Release|Any CPU
		{003EF8D8-5E7D-41D9-85C4-AB9D4A6F72B5}.Release|Any CPU.Build.0 = Release|Any CPU
		{533F177F-B7A8-4349-9F63-50466B976CE2}.Debug|Any CPU.ActiveCfg = Debug|Any CPU
		{533F177F-B7A8-4349-9F63-50466B976CE2}.Debug|Any CPU.Build.0 = Debug|Any CPU
		{533F177F-B7A8-4349-9F63-50466B976CE2}.Release|Any CPU.ActiveCfg = Release|Any CPU
		{533F177F-B7A8-4349-9F63-50466B976CE2}.Release|Any CPU.Build.0 = Release|Any CPU
		{07B0320D-2E14-43EC-91B6-B018705C16BB}.Debug|Any CPU.ActiveCfg = Debug|Any CPU
		{07B0320D-2E14-43EC-91B6-B018705C16BB}.Debug|Any CPU.Build.0 = Debug|Any CPU
		{07B0320D-2E14-43EC-91B6-B018705C16BB}.Release|Any CPU.ActiveCfg = Release|Any CPU
		{07B0320D-2E14-43EC-91B6-B018705C16BB}.Release|Any CPU.Build.0 = Release|Any CPU
	EndGlobalSection
	GlobalSection(SolutionProperties) = preSolution
		HideSolutionNode = FALSE
	EndGlobalSection
	GlobalSection(ExtensibilityGlobals) = postSolution
		SolutionGuid = {3787B4C1-297B-4C98-A82E-39E8CD555158}
	EndGlobalSection
EndGlobal
